{
  "version": 1,
  "dependencies": {
    "net10.0": {
      "FSharp.Core": {
        "type": "Direct",
        "requested": "[10.1.400, )",
        "resolved": "10.1.400",
        "contentHash": "H9wlZ/tWgNp+Q4WQ5aUSi3XOBXrL6z+UkR0PNeyDFyoZR3c3PbtA21B9FqlthrhEwQ6f5AtQV0JLhBBDqjjscw=="
      },
      "Npgsql": {
        "type": "Direct",
        "requested": "[10.0.3, )",
        "resolved": "10.0.3",
        "contentHash": "7nb5YzXuvWWJxB0J8DiyL3we+X4FOctZrt0fIBnucOIaIevFEEwGQVZKtiu9olXdlNAK1eNgqSral6r/jlhI4w==",
        "dependencies": {
          "Microsoft.Extensions.Logging.Abstractions": "10.0.0"
        }
      },
      "FSharp.SystemTextJson": {
        "type": "Transitive",
        "resolved": "1.4.36",
        "contentHash": "1xLk0SBF1nedD74B77rcArjD2d+DeZwbNI7BVCAyKwIBERo1VoX8Mf4AtX0OV2L3ZeM/XS1b6BuhXCyoh0KBnw==",
        "dependencies": {
          "FSharp.Core": "4.7.0"
        }
      },
      "Microsoft.Extensions.DependencyInjection.Abstractions": {
        "type": "Transitive",
        "resolved": "10.0.0",
        "contentHash": "L3AdmZ1WOK4XXT5YFPEwyt0ep6l8lGIPs7F5OOBZc77Zqeo01Of7XXICy47628sdVl0v/owxYJTe86DTgFwKCA=="
      },
      "Microsoft.Extensions.Logging.Abstractions": {
        "type": "Transitive",
        "resolved": "10.0.0",
        "contentHash": "FU/IfjDfwaMuKr414SSQNTIti/69bHEMb+QKrskRb26oVqpx3lNFXMjs/RC9ZUuhBhcwDM2BwOgoMw+PZ+beqQ==",
        "dependencies": {
          "Microsoft.Extensions.DependencyInjection.Abstractions": "10.0.0"
        }
      },
      "Npgsql.FSharp": {
        "type": "Transitive",
        "resolved": "8.0.0",
        "contentHash": "X5uZrqnr2jt6Z+5GdJWeW10HGPrlZj/SmVZ8qCasyTZFQ+fobnOloe/7SGBiU8VZ4/+sFjPNX3IOQrqBgwDOWA==",
        "dependencies": {
          "FSharp.Core": "9.0.100",
          "Npgsql": "8.0.6"
        }
      },
      "summa.ledger.domain": {
        "type": "Project",
        "dependencies": {
          "FSharp.Core": "[10.1.400, )"
        }
      },
      "summa.ledger.store": {
        "type": "Project",
        "dependencies": {
          "FSharp.Core": "[10.1.400, )",
          "FSharp.SystemTextJson": "[1.4.36, )",
          "Npgsql": "[10.0.3, )",
          "Npgsql.FSharp": "[8.0.0, )",
          "Summa.Ledger.Domain": "[1.0.0, )"
        }
      },
      "summa.recognition.domain": {
        "type": "Project",
        "dependencies": {
          "FSharp.Core": "[10.1.400, )"
        }
      },
      "summa.recognition.store": {
        "type": "Project",
        "dependencies": {
          "FSharp.Core": "[10.1.400, )",
          "FSharp.SystemTextJson": "[1.4.36, )",
          "Npgsql": "[10.0.3, )",
          "Npgsql.FSharp": "[8.0.0, )",
          "Summa.Recognition.Domain": "[1.0.0, )"
        }
      }
    }
  }
}